// !$*UTF8*$!
{
	archiveVersion = 1;
	classes = {
	};
	objectVersion = 56;
	objects = {

/* Begin PBXBuildFile section */
		85949EC62C232A3000CE7DC5 /* TaskListScreen.swift in Sources */ = {isa = PBXBuildFile; fileRef = 85949EC52C232A3000CE7DC5 /* TaskListScreen.swift */; };
		85949EC82C233A9300CE7DC5 /* AddTaskScreen.swift in Sources */ = {isa = PBXBuildFile; fileRef = 85949EC72C233A9300CE7DC5 /* AddTaskScreen.swift */; };
		85949ECB2C234F1200CE7DC5 /* Item.swift in Sources */ = {isa = PBXBuildFile; fileRef = 85949ECA2C234F1200CE7DC5 /* Item.swift */; };
		85949ECD2C234F2C00CE7DC5 /* Task.swift in Sources */ = {isa = PBXBuildFile; fileRef = 85949ECC2C234F2C00CE7DC5 /* Task.swift */; };
		85949ED02C234FB700CE7DC5 /* MockData.swift in Sources */ = {isa = PBXBuildFile; fileRef = 85949ECF2C234FB700CE7DC5 /* MockData.swift */; };
		85949ED32C2730B500CE7DC5 /* ListViewModel.swift in Sources */ = {isa = PBXBuildFile; fileRef = 85949ED22C2730B500CE7DC5 /* ListViewModel.swift */; };
		85949ED82C273EB600CE7DC5 /* ItemListRow.swift in Sources */ = {isa = PBXBuildFile; fileRef = 85949ED72C273EB600CE7DC5 /* ItemListRow.swift */; };
		85949EDB2C27409100CE7DC5 /* TitleSection.swift in Sources */ = {isa = PBXBuildFile; fileRef = 85949EDA2C27409100CE7DC5 /* TitleSection.swift */; };
		85949EDD2C27409800CE7DC5 /* ColorSection.swift in Sources */ = {isa = PBXBuildFile; fileRef = 85949EDC2C27409800CE7DC5 /* ColorSection.swift */; };
		85D1CF522C21F091008275B5 /* ToDoListApp.swift in Sources */ = {isa = PBXBuildFile; fileRef = 85D1CF512C21F091008275B5 /* ToDoListApp.swift */; };
		85D1CF542C21F091008275B5 /* ListViewScreen.swift in Sources */ = {isa = PBXBuildFile; fileRef = 85D1CF532C21F091008275B5 /* ListViewScreen.swift */; };
		85D1CF562C21F092008275B5 /* Assets.xcassets in Resources */ = {isa = PBXBuildFile; fileRef = 85D1CF552C21F092008275B5 /* Assets.xcassets */; };
		85D1CF592C21F092008275B5 /* Preview Assets.xcassets in Resources */ = {isa = PBXBuildFile; fileRef = 85D1CF582C21F092008275B5 /* Preview Assets.xcassets */; };
		85D1CF602C2202EC008275B5 /* AddItemScreen.swift in Sources */ = {isa = PBXBuildFile; fileRef = 85D1CF5F2C2202EC008275B5 /* AddItemScreen.swift */; };
/* End PBXBuildFile section */

/* Begin PBXFileReference section */
		85949EC52C232A3000CE7DC5 /* TaskListScreen.swift */ = {isa = PBXFileReference; lastKnownFileType = sourcecode.swift; path = TaskListScreen.swift; sourceTree = "<group>"; };
		85949EC72C233A9300CE7DC5 /* AddTaskScreen.swift */ = {isa = PBXFileReference; lastKnownFileType = sourcecode.swift; path = AddTaskScreen.swift; sourceTree = "<group>"; };
		85949ECA2C234F1200CE7DC5 /* Item.swift */ = {isa = PBXFileReference; lastKnownFileType = sourcecode.swift; path = Item.swift; sourceTree = "<group>"; };
		85949ECC2C234F2C00CE7DC5 /* Task.swift */ = {isa = PBXFileReference; lastKnownFileType = sourcecode.swift; path = Task.swift; sourceTree = "<group>"; };
		85949ECF2C234FB700CE7DC5 /* MockData.swift */ = {isa = PBXFileReference; lastKnownFileType = sourcecode.swift; path = MockData.swift; sourceTree = "<group>"; };
		85949ED22C2730B500CE7DC5 /* ListViewModel.swift */ = {isa = PBXFileReference; lastKnownFileType = sourcecode.swift; path = ListViewModel.swift; sourceTree = "<group>"; };
		85949ED72C273EB600CE7DC5 /* ItemListRow.swift */ = {isa = PBXFileReference; lastKnownFileType = sourcecode.swift; path = ItemListRow.swift; sourceTree = "<group>"; };
		85949EDA2C27409100CE7DC5 /* TitleSection.swift */ = {isa = PBXFileReference; lastKnownFileType = sourcecode.swift; path = TitleSection.swift; sourceTree = "<group>"; };
		85949EDC2C27409800CE7DC5 /* ColorSection.swift */ = {isa = PBXFileReference; lastKnownFileType = sourcecode.swift; path = ColorSection.swift; sourceTree = "<group>"; };
		85D1CF4E2C21F091008275B5 /* ToDoList.app */ = {isa = PBXFileReference; explicitFileType = wrapper.application; includeInIndex = 0; path = ToDoList.app; sourceTree = BUILT_PRODUCTS_DIR; };
		85D1CF512C21F091008275B5 /* ToDoListApp.swift */ = {isa = PBXFileReference; lastKnownFileType = sourcecode.swift; path = ToDoListApp.swift; sourceTree = "<group>"; };
		85D1CF532C21F091008275B5 /* ListViewScreen.swift */ = {isa = PBXFileReference; lastKnownFileType = sourcecode.swift; path = ListViewScreen.swift; sourceTree = "<group>"; };
		85D1CF552C21F092008275B5 /* Assets.xcassets */ = {isa = PBXFileReference; lastKnownFileType = folder.assetcatalog; path = Assets.xcassets; sourceTree = "<group>"; };
		85D1CF582C21F092008275B5 /* Preview Assets.xcassets */ = {isa = PBXFileReference; lastKnownFileType = folder.assetcatalog; path = "Preview Assets.xcassets"; sourceTree = "<group>"; };
		85D1CF5F2C2202EC008275B5 /* AddItemScreen.swift */ = {isa = PBXFileReference; lastKnownFileType = sourcecode.swift; path = AddItemScreen.swift; sourceTree = "<group>"; };
/* End PBXFileReference section */

/* Begin PBXFrameworksBuildPhase section */
		85D1CF4B2C21F091008275B5 /* Frameworks */ = {
			isa = PBXFrameworksBuildPhase;
			buildActionMask = 2147483647;
			files = (
			);
			runOnlyForDeploymentPostprocessing = 0;
		};
/* End PBXFrameworksBuildPhase section */

/* Begin PBXGroup section */
		85949EC42C2329F600CE7DC5 /* Screens */ = {
			isa = PBXGroup;
			children = (
				85D1CF532C21F091008275B5 /* ListViewScreen.swift */,
				85D1CF5F2C2202EC008275B5 /* AddItemScreen.swift */,
				85949EC52C232A3000CE7DC5 /* TaskListScreen.swift */,
				85949EC72C233A9300CE7DC5 /* AddTaskScreen.swift */,
			);
			path = Screens;
			sourceTree = "<group>";
		};
		85949EC92C234EF100CE7DC5 /* Models */ = {
			isa = PBXGroup;
			children = (
				85949ECA2C234F1200CE7DC5 /* Item.swift */,
				85949ECC2C234F2C00CE7DC5 /* Task.swift */,
			);
			path = Models;
			sourceTree = "<group>";
		};
		85949ECE2C234F8B00CE7DC5 /* MockData */ = {
			isa = PBXGroup;
			children = (
				85949ECF2C234FB700CE7DC5 /* MockData.swift */,
			);
			path = MockData;
			sourceTree = "<group>";
		};
		85949ED12C27309C00CE7DC5 /* ViewModel */ = {
			isa = PBXGroup;
			children = (
				85949ED22C2730B500CE7DC5 /* ListViewModel.swift */,
			);
			path = ViewModel;
			sourceTree = "<group>";
		};
		85949ED42C273E7A00CE7DC5 /* Views */ = {
			isa = PBXGroup;
			children = (
				85949ED52C273E8D00CE7DC5 /* ListViewScreen */,
				85949ED92C27407A00CE7DC5 /* AddItemScreen */,
			);
			path = Views;
			sourceTree = "<group>";
		};
		85949ED52C273E8D00CE7DC5 /* ListViewScreen */ = {
			isa = PBXGroup;
			children = (
				85949ED72C273EB600CE7DC5 /* ItemListRow.swift */,
			);
			path = ListViewScreen;
			sourceTree = "<group>";
		};
		85949ED92C27407A00CE7DC5 /* AddItemScreen */ = {
			isa = PBXGroup;
			children = (
				85949EDA2C27409100CE7DC5 /* TitleSection.swift */,
				85949EDC2C27409800CE7DC5 /* ColorSection.swift */,
			);
			path = AddItemScreen;
			sourceTree = "<group>";
		};
		85D1CF452C21F091008275B5 = {
			isa = PBXGroup;
			children = (
				85D1CF502C21F091008275B5 /* ToDoList */,
				85D1CF4F2C21F091008275B5 /* Products */,
			);
			sourceTree = "<group>";
		};
		85D1CF4F2C21F091008275B5 /* Products */ = {
			isa = PBXGroup;
			children = (
				85D1CF4E2C21F091008275B5 /* ToDoList.app */,
			);
			name = Products;
			sourceTree = "<group>";
		};
		85D1CF502C21F091008275B5 /* ToDoList */ = {
			isa = PBXGroup;
			children = (
				85D1CF512C21F091008275B5 /* ToDoListApp.swift */,
				85949EC92C234EF100CE7DC5 /* Models */,
				85949EC42C2329F600CE7DC5 /* Screens */,
				85949ED42C273E7A00CE7DC5 /* Views */,
				85949ED12C27309C00CE7DC5 /* ViewModel */,
				85D1CF552C21F092008275B5 /* Assets.xcassets */,
				85949ECE2C234F8B00CE7DC5 /* MockData */,
				85D1CF572C21F092008275B5 /* Preview Content */,
			);
			path = ToDoList;
			sourceTree = "<group>";
		};
		85D1CF572C21F092008275B5 /* Preview Content */ = {
			isa = PBXGroup;
			children = (
				85D1CF582C21F092008275B5 /* Preview Assets.xcassets */,
			);
			path = "Preview Content";
			sourceTree = "<group>";
		};
/* End PBXGroup section */

/* Begin PBXNativeTarget section */
		85D1CF4D2C21F091008275B5 /* ToDoList */ = {
			isa = PBXNativeTarget;
			buildConfigurationList = 85D1CF5C2C21F092008275B5 /* Build configuration list for PBXNativeTarget "ToDoList" */;
			buildPhases = (
				85D1CF4A2C21F091008275B5 /* Sources */,
				85D1CF4B2C21F091008275B5 /* Frameworks */,
				85D1CF4C2C21F091008275B5 /* Resources */,
			);
			buildRules = (
			);
			dependencies = (
			);
			name = ToDoList;
			productName = ToDoList;
			productReference = 85D1CF4E2C21F091008275B5 /* ToDoList.app */;
			productType = "com.apple.product-type.application";
		};
/* End PBXNativeTarget section */

/* Begin PBXProject section */
		85D1CF462C21F091008275B5 /* Project object */ = {
			isa = PBXProject;
			attributes = {
				BuildIndependentTargetsInParallel = 1;
				LastSwiftUpdateCheck = 1520;
				LastUpgradeCheck = 1520;
				TargetAttributes = {
					85D1CF4D2C21F091008275B5 = {
						CreatedOnToolsVersion = 15.2;
					};
				};
			};
			buildConfigurationList = 85D1CF492C21F091008275B5 /* Build configuration list for PBXProject "ToDoList" */;
			compatibilityVersion = "Xcode 14.0";
			developmentRegion = en;
			hasScannedForEncodings = 0;
			knownRegions = (
				en,
				Base,
			);
			mainGroup = 85D1CF452C21F091008275B5;
			productRefGroup = 85D1CF4F2C21F091008275B5 /* Products */;
			projectDirPath = "";
			projectRoot = "";
			targets = (
				85D1CF4D2C21F091008275B5 /* ToDoList */,
			);
		};
/* End PBXProject section */

/* Begin PBXResourcesBuildPhase section */
		85D1CF4C2C21F091008275B5 /* Resources */ = {
			isa = PBXResourcesBuildPhase;
			buildActionMask = 2147483647;
			files = (
				85D1CF592C21F092008275B5 /* Preview Assets.xcassets in Resources */,
				85D1CF562C21F092008275B5 /* Assets.xcassets in Resources */,
			);
			runOnlyForDeploymentPostprocessing = 0;
		};
/* End PBXResourcesBuildPhase section */

/* Begin PBXSourcesBuildPhase section */
		85D1CF4A2C21F091008275B5 /* Sources */ = {
			isa = PBXSourcesBuildPhase;
			buildActionMask = 2147483647;
			files = (
				85D1CF602C2202EC008275B5 /* AddItemScreen.swift in Sources */,
				85949EDD2C27409800CE7DC5 /* ColorSection.swift in Sources */,
				85949EC82C233A9300CE7DC5 /* AddTaskScreen.swift in Sources */,
				85D1CF542C21F091008275B5 /* ListViewScreen.swift in Sources */,
				85949ED82C273EB600CE7DC5 /* ItemListRow.swift in Sources */,
				85949EC62C232A3000CE7DC5 /* TaskListScreen.swift in Sources */,
				85949ECB2C234F1200CE7DC5 /* Item.swift in Sources */,
				85949EDB2C27409100CE7DC5 /* TitleSection.swift in Sources */,
				85949ED32C2730B500CE7DC5 /* ListViewModel.swift in Sources */,
				85949ED02C234FB700CE7DC5 /* MockData.swift in Sources */,
				85949ECD2C234F2C00CE7DC5 /* Task.swift in Sources */,
				85D1CF522C21F091008275B5 /* ToDoListApp.swift in Sources */,
			);
			runOnlyForDeploymentPostprocessing = 0;
		};
/* End PBXSourcesBuildPhase section */

/* Begin XCBuildConfiguration section */
		85D1CF5A2C21F092008275B5 /* Debug */ = {
			isa = XCBuildConfiguration;
			buildSettings = {
				ALWAYS_SEARCH_USER_PATHS = NO;
				ASSETCATALOG_COMPILER_GENERATE_SWIFT_ASSET_SYMBOL_EXTENSIONS = YES;
				CLANG_ANALYZER_NONNULL = YES;
				CLANG_ANALYZER_NUMBER_OBJECT_CONVERSION = YES_AGGRESSIVE;
				CLANG_CXX_LANGUAGE_STANDARD = "gnu++20";
				CLANG_ENABLE_MODULES = YES;
				CLANG_ENABLE_OBJC_ARC = YES;
				CLANG_ENABLE_OBJC_WEAK = YES;
				CLANG_WARN_BLOCK_CAPTURE_AUTORELEASING = YES;
				CLANG_WARN_BOOL_CONVERSION = YES;
				CLANG_WARN_COMMA = YES;
				CLANG_WARN_CONSTANT_CONVERSION = YES;
				CLANG_WARN_DEPRECATED_OBJC_IMPLEMENTATIONS = YES;
				CLANG_WARN_DIRECT_OBJC_ISA_USAGE = YES_ERROR;
				CLANG_WARN_DOCUMENTATION_COMMENTS = YES;
				CLANG_WARN_EMPTY_BODY = YES;
				CLANG_WARN_ENUM_CONVERSION = YES;
				CLANG_WARN_INFINITE_RECURSION = YES;
				CLANG_WARN_INT_CONVERSION = YES;
				CLANG_WARN_NON_LITERAL_NULL_CONVERSION = YES;
				CLANG_WARN_OBJC_IMPLICIT_RETAIN_SELF = YES;
				CLANG_WARN_OBJC_LITERAL_CONVERSION = YES;
				CLANG_WARN_OBJC_ROOT_CLASS = YES_ERROR;
				CLANG_WARN_QUOTED_INCLUDE_IN_FRAMEWORK_HEADER = YES;
				CLANG_WARN_RANGE_LOOP_ANALYSIS = YES;
				CLANG_WARN_STRICT_PROTOTYPES = YES;
				CLANG_WARN_SUSPICIOUS_MOVE = YES;
				CLANG_WARN_UNGUARDED_AVAILABILITY = YES_AGGRESSIVE;
				CLANG_WARN_UNREACHABLE_CODE = YES;
				CLANG_WARN__DUPLICATE_METHOD_MATCH = YES;
				COPY_PHASE_STRIP = NO;
				DEBUG_INFORMATION_FORMAT = dwarf;
				ENABLE_STRICT_OBJC_MSGSEND = YES;
				ENABLE_TESTABILITY = YES;
				ENABLE_USER_SCRIPT_SANDBOXING = YES;
				GCC_C_LANGUAGE_STANDARD = gnu17;
				GCC_DYNAMIC_NO_PIC = NO;
				GCC_NO_COMMON_BLOCKS = YES;
				GCC_OPTIMIZATION_LEVEL = 0;
				GCC_PREPROCESSOR_DEFINITIONS = (
					"DEBUG=1",
					"$(inherited)",
				);
				GCC_WARN_64_TO_32_BIT_CONVERSION = YES;
				GCC_WARN_ABOUT_RETURN_TYPE = YES_ERROR;
				GCC_WARN_UNDECLARED_SELECTOR = YES;
				GCC_WARN_UNINITIALIZED_AUTOS = YES_AGGRESSIVE;
				GCC_WARN_UNUSED_FUNCTION = YES;
				GCC_WARN_UNUSED_VARIABLE = YES;
				IPHONEOS_DEPLOYMENT_TARGET = 17.2;
				LOCALIZATION_PREFERS_STRING_CATALOGS = YES;
				MTL_ENABLE_DEBUG_INFO = INCLUDE_SOURCE;
				MTL_FAST_MATH = YES;
				ONLY_ACTIVE_ARCH = YES;
				SDKROOT = iphoneos;
				SWIFT_ACTIVE_COMPILATION_CONDITIONS = "DEBUG $(inherited)";
				SWIFT_OPTIMIZATION_LEVEL = "-Onone";
			};
			name = Debug;
		};
		85D1CF5B2C21F092008275B5 /* Release */ = {
			isa = XCBuildConfiguration;
			buildSettings = {
				ALWAYS_SEARCH_USER_PATHS = NO;
				ASSETCATALOG_COMPILER_GENERATE_SWIFT_ASSET_SYMBOL_EXTENSIONS = YES;
				CLANG_ANALYZER_NONNULL = YES;
				CLANG_ANALYZER_NUMBER_OBJECT_CONVERSION = YES_AGGRESSIVE;
				CLANG_CXX_LANGUAGE_STANDARD = "gnu++20";
				CLANG_ENABLE_MODULES = YES;
				CLANG_ENABLE_OBJC_ARC = YES;
				CLANG_ENABLE_OBJC_WEAK = YES;
				CLANG_WARN_BLOCK_CAPTURE_AUTORELEASING = YES;
				CLANG_WARN_BOOL_CONVERSION = YES;
				CLANG_WARN_COMMA = YES;
				CLANG_WARN_CONSTANT_CONVERSION = YES;
				CLANG_WARN_DEPRECATED_OBJC_IMPLEMENTATIONS = YES;
				CLANG_WARN_DIRECT_OBJC_ISA_USAGE = YES_ERROR;
				CLANG_WARN_DOCUMENTATION_COMMENTS = YES;
				CLANG_WARN_EMPTY_BODY = YES;
				CLANG_WARN_ENUM_CONVERSION = YES;
				CLANG_WARN_INFINITE_RECURSION = YES;
				CLANG_WARN_INT_CONVERSION = YES;
				CLANG_WARN_NON_LITERAL_NULL_CONVERSION = YES;
				CLANG_WARN_OBJC_IMPLICIT_RETAIN_SELF = YES;
				CLANG_WARN_OBJC_LITERAL_CONVERSION = YES;
				CLANG_WARN_OBJC_ROOT_CLASS = YES_ERROR;
				CLANG_WARN_QUOTED_INCLUDE_IN_FRAMEWORK_HEADER = YES;
				CLANG_WARN_RANGE_LOOP_ANALYSIS = YES;
				CLANG_WARN_STRICT_PROTOTYPES = YES;
				CLANG_WARN_SUSPICIOUS_MOVE = YES;
				CLANG_WARN_UNGUARDED_AVAILABILITY = YES_AGGRESSIVE;
				CLANG_WARN_UNREACHABLE_CODE = YES;
				CLANG_WARN__DUPLICATE_METHOD_MATCH = YES;
				COPY_PHASE_STRIP = NO;
				DEBUG_INFORMATION_FORMAT = "dwarf-with-dsym";
				ENABLE_NS_ASSERTIONS = NO;
				ENABLE_STRICT_OBJC_MSGSEND = YES;
				ENABLE_USER_SCRIPT_SANDBOXING = YES;
				GCC_C_LANGUAGE_STANDARD = gnu17;
				GCC_NO_COMMON_BLOCKS = YES;
				GCC_WARN_64_TO_32_BIT_CONVERSION = YES;
				GCC_WARN_ABOUT_RETURN_TYPE = YES_ERROR;
				GCC_WARN_UNDECLARED_SELECTOR = YES;
				GCC_WARN_UNINITIALIZED_AUTOS = YES_AGGRESSIVE;
				GCC_WARN_UNUSED_FUNCTION = YES;
				GCC_WARN_UNUSED_VARIABLE = YES;
				IPHONEOS_DEPLOYMENT_TARGET = 17.2;
				LOCALIZATION_PREFERS_STRING_CATALOGS = YES;
				MTL_ENABLE_DEBUG_INFO = NO;
				MTL_FAST_MATH = YES;
				SDKROOT = iphoneos;
				SWIFT_COMPILATION_MODE = wholemodule;
				VALIDATE_PRODUCT = YES;
			};
			name = Release;
		};
		85D1CF5D2C21F092008275B5 /* Debug */ = {
			isa = XCBuildConfiguration;
			buildSettings = {
				ASSETCATALOG_COMPILER_APPICON_NAME = AppIcon;
				ASSETCATALOG_COMPILER_GLOBAL_ACCENT_COLOR_NAME = AccentColor;
				CODE_SIGN_STYLE = Automatic;
				CURRENT_PROJECT_VERSION = 1;
				DEVELOPMENT_ASSET_PATHS = "\"ToDoList/Preview Content\"";
				DEVELOPMENT_TEAM = E27K7XB47V;
				ENABLE_PREVIEWS = YES;
				GENERATE_INFOPLIST_FILE = YES;
				INFOPLIST_KEY_UIApplicationSceneManifest_Generation = YES;
				INFOPLIST_KEY_UIApplicationSupportsIndirectInputEvents = YES;
				INFOPLIST_KEY_UILaunchScreen_Generation = YES;
				INFOPLIST_KEY_UISupportedInterfaceOrientations_iPad = "UIInterfaceOrientationPortrait UIInterfaceOrientationPortraitUpsideDown UIInterfaceOrientationLandscapeLeft UIInterfaceOrientationLandscapeRight";
				INFOPLIST_KEY_UISupportedInterfaceOrientations_iPhone = "UIInterfaceOrientationPortrait UIInterfaceOrientationLandscapeLeft UIInterfaceOrientationLandscapeRight";
				LD_RUNPATH_SEARCH_PATHS = (
					"$(inherited)",
					"@executable_path/Frameworks",
				);
				MARKETING_VERSION = 1.0;
				PRODUCT_BUNDLE_IDENTIFIER = com.iosmantra.ToDoList;
				PRODUCT_NAME = "$(TARGET_NAME)";
				SWIFT_EMIT_LOC_STRINGS = YES;
				SWIFT_VERSION = 5.0;
				TARGETED_DEVICE_FAMILY = "1,2";
			};
			name = Debug;
		};
		85D1CF5E2C21F092008275B5 /* Release */ = {
			isa = XCBuildConfiguration;
			buildSettings = {
				ASSETCATALOG_COMPILER_APPICON_NAME = AppIcon;
				ASSETCATALOG_COMPILER_GLOBAL_ACCENT_COLOR_NAME = AccentColor;
				CODE_SIGN_STYLE = Automatic;
				CURRENT_PROJECT_VERSION = 1;
				DEVELOPMENT_ASSET_PATHS = "\"ToDoList/Preview Content\"";
				DEVELOPMENT_TEAM = E27K7XB47V;
				ENABLE_PREVIEWS = YES;
				GENERATE_INFOPLIST_FILE = YES;
				INFOPLIST_KEY_UIApplicationSceneManifest_Generation = YES;
				INFOPLIST_KEY_UIApplicationSupportsIndirectInputEvents = YES;
				INFOPLIST_KEY_UILaunchScreen_Generation = YES;
				INFOPLIST_KEY_UISupportedInterfaceOrientations_iPad = "UIInterfaceOrientationPortrait UIInterfaceOrientationPortraitUpsideDown UIInterfaceOrientationLandscapeLeft UIInterfaceOrientationLandscapeRight";
				INFOPLIST_KEY_UISupportedInterfaceOrientations_iPhone = "UIInterfaceOrientationPortrait UIInterfaceOrientationLandscapeLeft UIInterfaceOrientationLandscapeRight";
				LD_RUNPATH_SEARCH_PATHS = (
					"$(inherited)",
					"@executable_path/Frameworks",
				);
				MARKETING_VERSION = 1.0;
				PRODUCT_BUNDLE_IDENTIFIER = com.iosmantra.ToDoList;
				PRODUCT_NAME = "$(TARGET_NAME)";
				SWIFT_EMIT_LOC_STRINGS = YES;
				SWIFT_VERSION = 5.0;
				TARGETED_DEVICE_FAMILY = "1,2";
			};
			name = Release;
		};
/* End XCBuildConfiguration section */

/* Begin XCConfigurationList section */
		85D1CF492C21F091008275B5 /* Build configuration list for PBXProject "ToDoList" */ = {
			isa = XCConfigurationList;
			buildConfigurations = (
				85D1CF5A2C21F092008275B5 /* Debug */,
				85D1CF5B2C21F092008275B5 /* Release */,
			);
			defaultConfigurationIsVisible = 0;
			defaultConfigurationName = Release;
		};
		85D1CF5C2C21F092008275B5 /* Build configuration list for PBXNativeTarget "ToDoList" */ = {
			isa = XCConfigurationList;
			buildConfigurations = (
				85D1CF5D2C21F092008275B5 /* Debug */,
				85D1CF5E2C21F092008275B5 /* Release */,
			);
			defaultConfigurationIsVisible = 0;
			defaultConfigurationName = Release;
		};
/* End XCConfigurationList section */
	};
	rootObject = 85D1CF462C21F091008275B5 /* Project object */;
}
